
Microsoft Visual Studio Solution File, Format Version 12.00
# Visual Studio Version 17
VisualStudioVersion = 17.5.33530.505
MinimumVisualStudioVersion = 10.0.40219.1
Project("{FAE04EC0-301F-11D3-BF4B-00C04F79EFBC}") = "MatchGridExtents", "MatchGridExtents\MatchGridExtents.csproj", "{4524A1B8-B55A-48D8-974F-38FA3A377290}"
EndProject
Global
	GlobalSection(SolutionConfigurationPlatforms) = preSolution
		Debug|Any CPU = Debug|Any CPU
		Release|Any CPU = Release|Any CPU
	EndGlobalSection
	GlobalSection(ProjectConfigurationPlatforms) = postSolution
		{4524A1B8-B55A-48D8-974F-38FA3A377290}.Debug|Any CPU.ActiveCfg = Debug|Any CPU
		{4524A1B8-B55A-48D8-974F-38FA3A377290}.Debug|Any CPU.Build.0 = Debug|Any CPU
		{4524A1B8-B55A-48D8-974F-38FA3A377290}.Release|Any CPU.ActiveCfg = Release|Any CPU
		{4524A1B8-B55A-48D8-974F-38FA3A377290}.Release|Any CPU.Build.0 = Release|Any CPU
	EndGlobalSection
	GlobalSection(SolutionProperties) = preSolution
		HideSolutionNode = FALSE
	EndGlobalSection
	GlobalSection(ExtensibilityGlobals) = postSolution
		SolutionGuid = {A7A5BE47-C722-4E29-A763-28E7F6563586}
	EndGlobalSection
EndGlobal
